
Microsoft Visual Studio Solution File, Format Version 12.00
# Visual Studio Version 16
VisualStudioVersion = 16.0.30204.135
MinimumVisualStudioVersion = 10.0.40219.1
Project("{9A19103F-16F7-4668-BE54-9A1E7A4F7556}") = "Exams - Fundamentals - 01. String Manipulator", "Exams - Fundamentals - 01. String Manipulator\Exams - Fundamentals - 01. String Manipulator.csproj", "{3EDAB042-3771-47DB-847B-DFB88900BA55}"
EndProject
Project("{9A19103F-16F7-4668-BE54-9A1E7A4F7556}") = "Exams - Fundamentals - 02.Message Decrypter", "..\Exams - Fundamentals - 02.Message Decrypter\Exams - Fundamentals - 02.Message Decrypter.csproj", "{94D956CE-7E71-442A-A469-73F6263FEA3F}"
EndProject
Project("{FAE04EC0-301F-11D3-BF4B-00C04F79EFBC}") = "Exams - Fundamentals - Messages Manager", "Exams - Fundamentals - Messages Manager\Exams - Fundamentals - Messages Manager.csproj", "{81444DF0-C2B3-498D-8380-E6814125CD9A}"
EndProject
Global
	GlobalSection(SolutionConfigurationPlatforms) = preSolution
		Debug|Any CPU = Debug|Any CPU
		Release|Any CPU = Release|Any CPU
	EndGlobalSection
	GlobalSection(ProjectConfigurationPlatforms) = postSolution
		{3EDAB042-3771-47DB-847B-DFB88900BA55}.Debug|Any CPU.ActiveCfg = Debug|Any CPU
		{3EDAB042-3771-47DB-847B-DFB88900BA55}.Debug|Any CPU.Build.0 = Debug|Any CPU
		{3EDAB042-3771-47DB-847B-DFB88900BA55}.Release|Any CPU.ActiveCfg = Release|Any CPU
		{3EDAB042-3771-47DB-847B-DFB88900BA55}.Release|Any CPU.Build.0 = Release|Any CPU
		{94D956CE-7E71-442A-A469-73F6263FEA3F}.Debug|Any CPU.ActiveCfg = Debug|Any CPU
		{94D956CE-7E71-442A-A469-73F6263FEA3F}.Debug|Any CPU.Build.0 = Debug|Any CPU
		{94D956CE-7E71-442A-A469-73F6263FEA3F}.Release|Any CPU.ActiveCfg = Release|Any CPU
		{94D956CE-7E71-442A-A469-73F6263FEA3F}.Release|Any CPU.Build.0 = Release|Any CPU
		{81444DF0-C2B3-498D-8380-E6814125CD9A}.Debug|Any CPU.ActiveCfg = Debug|Any CPU
		{81444DF0-C2B3-498D-8380-E6814125CD9A}.Debug|Any CPU.Build.0 = Debug|Any CPU
		{81444DF0-C2B3-498D-8380-E6814125CD9A}.Release|Any CPU.ActiveCfg = Release|Any CPU
		{81444DF0-C2B3-498D-8380-E6814125CD9A}.Release|Any CPU.Build.0 = Release|Any CPU
	EndGlobalSection
	GlobalSection(SolutionProperties) = preSolution
		HideSolutionNode = FALSE
	EndGlobalSection
	GlobalSection(ExtensibilityGlobals) = postSolution
		SolutionGuid = {42AE6F23-FA7E-40C9-A2BB-52FFD5E6CEF3}
	EndGlobalSection
EndGlobal
